{
	"name": "figma-config-20222",
	"lockfileVersion": 2,
	"requires": true,
	"packages": {
		"": {
			"dependencies": {
				"typescript": "^4.6.3"
			},
			"devDependencies": {
				"@figma/plugin-typings": "^1.44.0"
			}
		},
		"node_modules/@figma/plugin-typings": {
			"version": "1.44.0",
			"resolved": "https://registry.npmjs.org/@figma/plugin-typings/-/plugin-typings-1.44.0.tgz",
			"integrity": "sha512-Ebf0fwTfkZc0BOeHsLBHGO+1BuNfsDWZdKrFLhxTUjtXHSsaY/dWKWimr+2OojOcVII1i4H7V/OFG3DCkJOymw==",
			"dev": true
		},
		"node_modules/typescript": {
			"version": "4.6.3",
			"resolved": "https://registry.npmjs.org/typescript/-/typescript-4.6.3.tgz",
			"integrity": "sha512-yNIatDa5iaofVozS/uQJEl3JRWLKKGJKh6Yaiv0GLGSuhpFJe7P3SbHZ8/yjAHRQwKRoA6YZqlfjXWmVzoVSMw==",
			"bin": {
				"tsc": "bin/tsc",
				"tsserver": "bin/tsserver"
			},
			"engines": {
				"node": ">=4.2.0"
			}
		}
	},
	"dependencies": {
		"@figma/plugin-typings": {
			"version": "1.44.0",
			"resolved": "https://registry.npmjs.org/@figma/plugin-typings/-/plugin-typings-1.44.0.tgz",
			"integrity": "sha512-Ebf0fwTfkZc0BOeHsLBHGO+1BuNfsDWZdKrFLhxTUjtXHSsaY/dWKWimr+2OojOcVII1i4H7V/OFG3DCkJOymw==",
			"dev": true
		},
		"typescript": {
			"version": "4.6.3",
			"resolved": "https://registry.npmjs.org/typescript/-/typescript-4.6.3.tgz",
			"integrity": "sha512-yNIatDa5iaofVozS/uQJEl3JRWLKKGJKh6Yaiv0GLGSuhpFJe7P3SbHZ8/yjAHRQwKRoA6YZqlfjXWmVzoVSMw=="
		}
	}
}
